
Microsoft Visual Studio Solution File, Format Version 12.00
# Visual Studio 15
VisualStudioVersion = 15.0.27130.2024
MinimumVisualStudioVersion = 10.0.40219.1
Project("{9A19103F-16F7-4668-BE54-9A1E7A4F7556}") = "RS1_Ispit_asp.net_core", "RS1_Ispit\RS1_Ispit_asp.net_core.csproj", "{531DD70A-6163-4B71-B71B-6E1DF9DC111E}"
EndProject
Global
	GlobalSection(SolutionConfigurationPlatforms) = preSolution
		Debug|Any CPU = Debug|Any CPU
		Release|Any CPU = Release|Any CPU
	EndGlobalSection
	GlobalSection(ProjectConfigurationPlatforms) = postSolution
		{531DD70A-6163-4B71-B71B-6E1DF9DC111E}.Debug|Any CPU.ActiveCfg = Debug|Any CPU
		{531DD70A-6163-4B71-B71B-6E1DF9DC111E}.Debug|Any CPU.Build.0 = Debug|Any CPU
		{531DD70A-6163-4B71-B71B-6E1DF9DC111E}.Release|Any CPU.ActiveCfg = Release|Any CPU
		{531DD70A-6163-4B71-B71B-6E1DF9DC111E}.Release|Any CPU.Build.0 = Release|Any CPU
	EndGlobalSection
	GlobalSection(SolutionProperties) = preSolution
		HideSolutionNode = FALSE
	EndGlobalSection
	GlobalSection(ExtensibilityGlobals) = postSolution
		SolutionGuid = {B677E94A-6CDB-4BDC-9DB9-F92C180F69B9}
	EndGlobalSection
EndGlobal
