
Microsoft Visual Studio Solution File, Format Version 12.00
# Visual Studio 15
VisualStudioVersion = 15.0.27130.2010
MinimumVisualStudioVersion = 10.0.40219.1
Project("{FAE04EC0-301F-11D3-BF4B-00C04F79EFBC}") = "Ispit.Web", "Ispit.Web\Ispit.Web.csproj", "{681D43CD-8519-4A86-869F-4B50C87702BD}"
EndProject
Project("{FAE04EC0-301F-11D3-BF4B-00C04F79EFBC}") = "Ispit.Data", "Ispit.Data\Ispit.Data.csproj", "{E6C3AD4B-F31A-443E-938D-6AC690769014}"
EndProject
Global
	GlobalSection(SolutionConfigurationPlatforms) = preSolution
		Debug|Any CPU = Debug|Any CPU
		Release|Any CPU = Release|Any CPU
	EndGlobalSection
	GlobalSection(ProjectConfigurationPlatforms) = postSolution
		{681D43CD-8519-4A86-869F-4B50C87702BD}.Debug|Any CPU.ActiveCfg = Debug|Any CPU
		{681D43CD-8519-4A86-869F-4B50C87702BD}.Debug|Any CPU.Build.0 = Debug|Any CPU
		{681D43CD-8519-4A86-869F-4B50C87702BD}.Release|Any CPU.ActiveCfg = Release|Any CPU
		{681D43CD-8519-4A86-869F-4B50C87702BD}.Release|Any CPU.Build.0 = Release|Any CPU
		{E6C3AD4B-F31A-443E-938D-6AC690769014}.Debug|Any CPU.ActiveCfg = Debug|Any CPU
		{E6C3AD4B-F31A-443E-938D-6AC690769014}.Debug|Any CPU.Build.0 = Debug|Any CPU
		{E6C3AD4B-F31A-443E-938D-6AC690769014}.Release|Any CPU.ActiveCfg = Release|Any CPU
		{E6C3AD4B-F31A-443E-938D-6AC690769014}.Release|Any CPU.Build.0 = Release|Any CPU
	EndGlobalSection
	GlobalSection(SolutionProperties) = preSolution
		HideSolutionNode = FALSE
	EndGlobalSection
	GlobalSection(ExtensibilityGlobals) = postSolution
		SolutionGuid = {C3E4418E-849B-4699-A1BC-45AEA3EB6093}
	EndGlobalSection
EndGlobal
