
Microsoft Visual Studio Solution File, Format Version 12.00
# Visual Studio 15
VisualStudioVersion = 15.0.27130.2010
MinimumVisualStudioVersion = 10.0.40219.1
Project("{FAE04EC0-301F-11D3-BF4B-00C04F79EFBC}") = "Ispit_2017_09_11_DotnetCore", "Ispit_2017_09_11_DotnetCore\Ispit_2017_09_11_DotnetCore.csproj", "{BCDC4B5E-8C61-4C4C-B9CE-588A7F88CAEA}"
EndProject
Global
	GlobalSection(SolutionConfigurationPlatforms) = preSolution
		Debug|Any CPU = Debug|Any CPU
		Release|Any CPU = Release|Any CPU
	EndGlobalSection
	GlobalSection(ProjectConfigurationPlatforms) = postSolution
		{BCDC4B5E-8C61-4C4C-B9CE-588A7F88CAEA}.Debug|Any CPU.ActiveCfg = Debug|Any CPU
		{BCDC4B5E-8C61-4C4C-B9CE-588A7F88CAEA}.Debug|Any CPU.Build.0 = Debug|Any CPU
		{BCDC4B5E-8C61-4C4C-B9CE-588A7F88CAEA}.Release|Any CPU.ActiveCfg = Release|Any CPU
		{BCDC4B5E-8C61-4C4C-B9CE-588A7F88CAEA}.Release|Any CPU.Build.0 = Release|Any CPU
	EndGlobalSection
	GlobalSection(SolutionProperties) = preSolution
		HideSolutionNode = FALSE
	EndGlobalSection
	GlobalSection(ExtensibilityGlobals) = postSolution
		SolutionGuid = {01A0205C-490F-42E5-8ECB-D261DC4E6F0D}
	EndGlobalSection
EndGlobal
